
Microsoft Visual Studio Solution File, Format Version 12.00
# Visual Studio 15
VisualStudioVersion = 15.0.28307.572
MinimumVisualStudioVersion = 10.0.40219.1
Project("{9A19103F-16F7-4668-BE54-9A1E7A4F7556}") = "BNQ.Core", "BNQ.Core\BNQ.Core.csproj", "{EA486EE2-241D-419D-889A-002E97C42C9A}"
EndProject
Project("{9A19103F-16F7-4668-BE54-9A1E7A4F7556}") = "BNQ.Runner", "BNQ.Runner\BNQ.Runner.csproj", "{5BF4BF66-D6B0-42AB-9694-2CD72FCAB686}"
EndProject
Project("{9A19103F-16F7-4668-BE54-9A1E7A4F7556}") = "BNQ.Core.Tests", "BNQ.Core.Tests\BNQ.Core.Tests.csproj", "{B90F18AB-E017-4B45-98B8-B9EFC7EC96D3}"
EndProject
Project("{9A19103F-16F7-4668-BE54-9A1E7A4F7556}") = "SnapCore", "SnapCore\SnapCore.csproj", "{E4958980-A74E-403D-91E8-9938E1E54715}"
EndProject
Global
	GlobalSection(SolutionConfigurationPlatforms) = preSolution
		Debug|Any CPU = Debug|Any CPU
		Release|Any CPU = Release|Any CPU
	EndGlobalSection
	GlobalSection(ProjectConfigurationPlatforms) = postSolution
		{EA486EE2-241D-419D-889A-002E97C42C9A}.Debug|Any CPU.ActiveCfg = Debug|Any CPU
		{EA486EE2-241D-419D-889A-002E97C42C9A}.Debug|Any CPU.Build.0 = Debug|Any CPU
		{EA486EE2-241D-419D-889A-002E97C42C9A}.Release|Any CPU.ActiveCfg = Release|Any CPU
		{EA486EE2-241D-419D-889A-002E97C42C9A}.Release|Any CPU.Build.0 = Release|Any CPU
		{5BF4BF66-D6B0-42AB-9694-2CD72FCAB686}.Debug|Any CPU.ActiveCfg = Debug|Any CPU
		{5BF4BF66-D6B0-42AB-9694-2CD72FCAB686}.Debug|Any CPU.Build.0 = Debug|Any CPU
		{5BF4BF66-D6B0-42AB-9694-2CD72FCAB686}.Release|Any CPU.ActiveCfg = Release|Any CPU
		{5BF4BF66-D6B0-42AB-9694-2CD72FCAB686}.Release|Any CPU.Build.0 = Release|Any CPU
		{B90F18AB-E017-4B45-98B8-B9EFC7EC96D3}.Debug|Any CPU.ActiveCfg = Debug|Any CPU
		{B90F18AB-E017-4B45-98B8-B9EFC7EC96D3}.Debug|Any CPU.Build.0 = Debug|Any CPU
		{B90F18AB-E017-4B45-98B8-B9EFC7EC96D3}.Release|Any CPU.ActiveCfg = Release|Any CPU
		{B90F18AB-E017-4B45-98B8-B9EFC7EC96D3}.Release|Any CPU.Build.0 = Release|Any CPU
		{E4958980-A74E-403D-91E8-9938E1E54715}.Debug|Any CPU.ActiveCfg = Debug|Any CPU
		{E4958980-A74E-403D-91E8-9938E1E54715}.Debug|Any CPU.Build.0 = Debug|Any CPU
		{E4958980-A74E-403D-91E8-9938E1E54715}.Release|Any CPU.ActiveCfg = Release|Any CPU
		{E4958980-A74E-403D-91E8-9938E1E54715}.Release|Any CPU.Build.0 = Release|Any CPU
	EndGlobalSection
	GlobalSection(SolutionProperties) = preSolution
		HideSolutionNode = FALSE
	EndGlobalSection
	GlobalSection(ExtensibilityGlobals) = postSolution
		SolutionGuid = {1DC5DD9C-9B99-4EC3-ADB1-357583FBE649}
	EndGlobalSection
EndGlobal
